
Microsoft Visual Studio Solution File, Format Version 12.00
# Visual Studio 15
VisualStudioVersion = 15.0.28010.2048
MinimumVisualStudioVersion = 10.0.40219.1
Project("{9A19103F-16F7-4668-BE54-9A1E7A4F7556}") = "CSharpAlgorithms", "CSharpAlgorithms\CSharpAlgorithms.csproj", "{192FA74E-FE6E-4670-86F2-9DA4D84F590E}"
EndProject
Project("{9A19103F-16F7-4668-BE54-9A1E7A4F7556}") = "AlgorithmsDSLibrary.Tests", "..\AlgorithmsDSLibrary\AlgorithmsDSLibrary.Tests.csproj", "{ACCDE670-ED0C-43C2-B3A6-1F064EA04FAD}"
EndProject
Project("{FAE04EC0-301F-11D3-BF4B-00C04F79EFBC}") = "DataStructures", "DataStructures\DataStructures.csproj", "{A37B515A-B363-4FE1-8D54-2B8080E3849F}"
EndProject
Global
	GlobalSection(SolutionConfigurationPlatforms) = preSolution
		Debug|Any CPU = Debug|Any CPU
		Release|Any CPU = Release|Any CPU
	EndGlobalSection
	GlobalSection(ProjectConfigurationPlatforms) = postSolution
		{192FA74E-FE6E-4670-86F2-9DA4D84F590E}.Debug|Any CPU.ActiveCfg = Debug|Any CPU
		{192FA74E-FE6E-4670-86F2-9DA4D84F590E}.Debug|Any CPU.Build.0 = Debug|Any CPU
		{192FA74E-FE6E-4670-86F2-9DA4D84F590E}.Release|Any CPU.ActiveCfg = Release|Any CPU
		{192FA74E-FE6E-4670-86F2-9DA4D84F590E}.Release|Any CPU.Build.0 = Release|Any CPU
		{ACCDE670-ED0C-43C2-B3A6-1F064EA04FAD}.Debug|Any CPU.ActiveCfg = Debug|Any CPU
		{ACCDE670-ED0C-43C2-B3A6-1F064EA04FAD}.Debug|Any CPU.Build.0 = Debug|Any CPU
		{ACCDE670-ED0C-43C2-B3A6-1F064EA04FAD}.Release|Any CPU.ActiveCfg = Release|Any CPU
		{ACCDE670-ED0C-43C2-B3A6-1F064EA04FAD}.Release|Any CPU.Build.0 = Release|Any CPU
		{A37B515A-B363-4FE1-8D54-2B8080E3849F}.Debug|Any CPU.ActiveCfg = Debug|Any CPU
		{A37B515A-B363-4FE1-8D54-2B8080E3849F}.Debug|Any CPU.Build.0 = Debug|Any CPU
		{A37B515A-B363-4FE1-8D54-2B8080E3849F}.Release|Any CPU.ActiveCfg = Release|Any CPU
		{A37B515A-B363-4FE1-8D54-2B8080E3849F}.Release|Any CPU.Build.0 = Release|Any CPU
	EndGlobalSection
	GlobalSection(SolutionProperties) = preSolution
		HideSolutionNode = FALSE
	EndGlobalSection
	GlobalSection(ExtensibilityGlobals) = postSolution
		SolutionGuid = {23E2DB0E-6BFF-4929-A152-B8055AD2B862}
	EndGlobalSection
EndGlobal
